// !$*UTF8*$!
{
	archiveVersion = 1;
	classes = {
	};
	objectVersion = 50;
	objects = {

/* Begin PBXBuildFile section */
		8633708E2639807D00881B83 /* SeeMoreBannerUICollectionViewCell.swift in Sources */ = {isa = PBXBuildFile; fileRef = 8633708C2639807D00881B83 /* SeeMoreBannerUICollectionViewCell.swift */; };
		8633708F2639807D00881B83 /* SeeMoreBannerUICollectionViewCell.xib in Resources */ = {isa = PBXBuildFile; fileRef = 8633708D2639807D00881B83 /* SeeMoreBannerUICollectionViewCell.xib */; };
		863638792634E1BE00F4AF86 /* HotSellCollectionViewCell.swift in Sources */ = {isa = PBXBuildFile; fileRef = 863638772634E1BE00F4AF86 /* HotSellCollectionViewCell.swift */; };
		8636387A2634E1BE00F4AF86 /* HotSellCollectionViewCell.xib in Resources */ = {isa = PBXBuildFile; fileRef = 863638782634E1BE00F4AF86 /* HotSellCollectionViewCell.xib */; };
		864C9632263390FE005A82E2 /* ToolCollectionViewCell.swift in Sources */ = {isa = PBXBuildFile; fileRef = 864C9630263390FE005A82E2 /* ToolCollectionViewCell.swift */; };
		864C9633263390FE005A82E2 /* ToolCollectionViewCell.xib in Resources */ = {isa = PBXBuildFile; fileRef = 864C9631263390FE005A82E2 /* ToolCollectionViewCell.xib */; };
		8650CA42263041050035E1C0 /* AppDelegate.swift in Sources */ = {isa = PBXBuildFile; fileRef = 8650CA41263041050035E1C0 /* AppDelegate.swift */; };
		8650CA44263041050035E1C0 /* SceneDelegate.swift in Sources */ = {isa = PBXBuildFile; fileRef = 8650CA43263041050035E1C0 /* SceneDelegate.swift */; };
		8650CA46263041050035E1C0 /* ViewController.swift in Sources */ = {isa = PBXBuildFile; fileRef = 8650CA45263041050035E1C0 /* ViewController.swift */; };
		8650CA49263041050035E1C0 /* Main.storyboard in Resources */ = {isa = PBXBuildFile; fileRef = 8650CA47263041050035E1C0 /* Main.storyboard */; };
		8650CA4B263041070035E1C0 /* Assets.xcassets in Resources */ = {isa = PBXBuildFile; fileRef = 8650CA4A263041070035E1C0 /* Assets.xcassets */; };
		8650CA4E263041070035E1C0 /* LaunchScreen.storyboard in Resources */ = {isa = PBXBuildFile; fileRef = 8650CA4C263041070035E1C0 /* LaunchScreen.storyboard */; };
		8650CA5926304D4A0035E1C0 /* Header.swift in Sources */ = {isa = PBXBuildFile; fileRef = 8650CA5826304D4A0035E1C0 /* Header.swift */; };
		865C48032632EB6200E375A0 /* ViewControllerProvider.swift in Sources */ = {isa = PBXBuildFile; fileRef = 865C48022632EB6200E375A0 /* ViewControllerProvider.swift */; };
		865C480C2632EC6400E375A0 /* BannerCollectionViewCell.swift in Sources */ = {isa = PBXBuildFile; fileRef = 865C480B2632EC6400E375A0 /* BannerCollectionViewCell.swift */; };
		86F8F68B2640299A0073CCEA /* NewBannerSupplementaryView.swift in Sources */ = {isa = PBXBuildFile; fileRef = 86F8F6892640299A0073CCEA /* NewBannerSupplementaryView.swift */; };
		86F8F68C2640299A0073CCEA /* NewBannerSupplementaryView.xib in Resources */ = {isa = PBXBuildFile; fileRef = 86F8F68A2640299A0073CCEA /* NewBannerSupplementaryView.xib */; };
/* End PBXBuildFile section */

/* Begin PBXFileReference section */
		8633708C2639807D00881B83 /* SeeMoreBannerUICollectionViewCell.swift */ = {isa = PBXFileReference; lastKnownFileType = sourcecode.swift; path = SeeMoreBannerUICollectionViewCell.swift; sourceTree = "<group>"; };
		8633708D2639807D00881B83 /* SeeMoreBannerUICollectionViewCell.xib */ = {isa = PBXFileReference; lastKnownFileType = file.xib; path = SeeMoreBannerUICollectionViewCell.xib; sourceTree = "<group>"; };
		863638772634E1BE00F4AF86 /* HotSellCollectionViewCell.swift */ = {isa = PBXFileReference; lastKnownFileType = sourcecode.swift; path = HotSellCollectionViewCell.swift; sourceTree = "<group>"; };
		863638782634E1BE00F4AF86 /* HotSellCollectionViewCell.xib */ = {isa = PBXFileReference; lastKnownFileType = file.xib; path = HotSellCollectionViewCell.xib; sourceTree = "<group>"; };
		864C9630263390FE005A82E2 /* ToolCollectionViewCell.swift */ = {isa = PBXFileReference; lastKnownFileType = sourcecode.swift; path = ToolCollectionViewCell.swift; sourceTree = "<group>"; };
		864C9631263390FE005A82E2 /* ToolCollectionViewCell.xib */ = {isa = PBXFileReference; lastKnownFileType = file.xib; path = ToolCollectionViewCell.xib; sourceTree = "<group>"; };
		8650CA3E263041050035E1C0 /* CompositionalLayoutDemo2.app */ = {isa = PBXFileReference; explicitFileType = wrapper.application; includeInIndex = 0; path = CompositionalLayoutDemo2.app; sourceTree = BUILT_PRODUCTS_DIR; };
		8650CA41263041050035E1C0 /* AppDelegate.swift */ = {isa = PBXFileReference; lastKnownFileType = sourcecode.swift; path = AppDelegate.swift; sourceTree = "<group>"; };
		8650CA43263041050035E1C0 /* SceneDelegate.swift */ = {isa = PBXFileReference; lastKnownFileType = sourcecode.swift; path = SceneDelegate.swift; sourceTree = "<group>"; };
		8650CA45263041050035E1C0 /* ViewController.swift */ = {isa = PBXFileReference; lastKnownFileType = sourcecode.swift; path = ViewController.swift; sourceTree = "<group>"; };
		8650CA48263041050035E1C0 /* Base */ = {isa = PBXFileReference; lastKnownFileType = file.storyboard; name = Base; path = Base.lproj/Main.storyboard; sourceTree = "<group>"; };
		8650CA4A263041070035E1C0 /* Assets.xcassets */ = {isa = PBXFileReference; lastKnownFileType = folder.assetcatalog; path = Assets.xcassets; sourceTree = "<group>"; };
		8650CA4D263041070035E1C0 /* Base */ = {isa = PBXFileReference; lastKnownFileType = file.storyboard; name = Base; path = Base.lproj/LaunchScreen.storyboard; sourceTree = "<group>"; };
		8650CA4F263041070035E1C0 /* Info.plist */ = {isa = PBXFileReference; lastKnownFileType = text.plist.xml; path = Info.plist; sourceTree = "<group>"; };
		8650CA5826304D4A0035E1C0 /* Header.swift */ = {isa = PBXFileReference; lastKnownFileType = sourcecode.swift; path = Header.swift; sourceTree = "<group>"; };
		865C48022632EB6200E375A0 /* ViewControllerProvider.swift */ = {isa = PBXFileReference; lastKnownFileType = sourcecode.swift; path = ViewControllerProvider.swift; sourceTree = "<group>"; };
		865C480B2632EC6400E375A0 /* BannerCollectionViewCell.swift */ = {isa = PBXFileReference; lastKnownFileType = sourcecode.swift; path = BannerCollectionViewCell.swift; sourceTree = "<group>"; };
		86F8F6892640299A0073CCEA /* NewBannerSupplementaryView.swift */ = {isa = PBXFileReference; lastKnownFileType = sourcecode.swift; path = NewBannerSupplementaryView.swift; sourceTree = "<group>"; };
		86F8F68A2640299A0073CCEA /* NewBannerSupplementaryView.xib */ = {isa = PBXFileReference; lastKnownFileType = file.xib; path = NewBannerSupplementaryView.xib; sourceTree = "<group>"; };
/* End PBXFileReference section */

/* Begin PBXFrameworksBuildPhase section */
		8650CA3B263041050035E1C0 /* Frameworks */ = {
			isa = PBXFrameworksBuildPhase;
			buildActionMask = 2147483647;
			files = (
			);
			runOnlyForDeploymentPostprocessing = 0;
		};
/* End PBXFrameworksBuildPhase section */

/* Begin PBXGroup section */
		8650CA35263041050035E1C0 = {
			isa = PBXGroup;
			children = (
				8650CA40263041050035E1C0 /* CompositionalLayoutDemo2 */,
				8650CA3F263041050035E1C0 /* Products */,
			);
			sourceTree = "<group>";
		};
		8650CA3F263041050035E1C0 /* Products */ = {
			isa = PBXGroup;
			children = (
				8650CA3E263041050035E1C0 /* CompositionalLayoutDemo2.app */,
			);
			name = Products;
			sourceTree = "<group>";
		};
		8650CA40263041050035E1C0 /* CompositionalLayoutDemo2 */ = {
			isa = PBXGroup;
			children = (
				865C48012632EB4200E375A0 /* Provider */,
				8650CA5726304D2B0035E1C0 /* View */,
				8650CA41263041050035E1C0 /* AppDelegate.swift */,
				8650CA43263041050035E1C0 /* SceneDelegate.swift */,
				8650CA45263041050035E1C0 /* ViewController.swift */,
				8650CA47263041050035E1C0 /* Main.storyboard */,
				8650CA4A263041070035E1C0 /* Assets.xcassets */,
				8650CA4C263041070035E1C0 /* LaunchScreen.storyboard */,
				8650CA4F263041070035E1C0 /* Info.plist */,
			);
			path = CompositionalLayoutDemo2;
			sourceTree = "<group>";
		};
		8650CA5726304D2B0035E1C0 /* View */ = {
			isa = PBXGroup;
			children = (
				865C48062632EBB300E375A0 /* Cell */,
				8650CA5826304D4A0035E1C0 /* Header.swift */,
			);
			path = View;
			sourceTree = "<group>";
		};
		865C48012632EB4200E375A0 /* Provider */ = {
			isa = PBXGroup;
			children = (
				865C48022632EB6200E375A0 /* ViewControllerProvider.swift */,
			);
			path = Provider;
			sourceTree = "<group>";
		};
		865C48062632EBB300E375A0 /* Cell */ = {
			isa = PBXGroup;
			children = (
				865C480B2632EC6400E375A0 /* BannerCollectionViewCell.swift */,
				864C9630263390FE005A82E2 /* ToolCollectionViewCell.swift */,
				864C9631263390FE005A82E2 /* ToolCollectionViewCell.xib */,
				863638772634E1BE00F4AF86 /* HotSellCollectionViewCell.swift */,
				863638782634E1BE00F4AF86 /* HotSellCollectionViewCell.xib */,
				8633708C2639807D00881B83 /* SeeMoreBannerUICollectionViewCell.swift */,
				8633708D2639807D00881B83 /* SeeMoreBannerUICollectionViewCell.xib */,
				86F8F6892640299A0073CCEA /* NewBannerSupplementaryView.swift */,
				86F8F68A2640299A0073CCEA /* NewBannerSupplementaryView.xib */,
			);
			path = Cell;
			sourceTree = "<group>";
		};
/* End PBXGroup section */

/* Begin PBXNativeTarget section */
		8650CA3D263041050035E1C0 /* CompositionalLayoutDemo2 */ = {
			isa = PBXNativeTarget;
			buildConfigurationList = 8650CA52263041070035E1C0 /* Build configuration list for PBXNativeTarget "CompositionalLayoutDemo2" */;
			buildPhases = (
				8650CA3A263041050035E1C0 /* Sources */,
				8650CA3B263041050035E1C0 /* Frameworks */,
				8650CA3C263041050035E1C0 /* Resources */,
			);
			buildRules = (
			);
			dependencies = (
			);
			name = CompositionalLayoutDemo2;
			productName = CompositionalLayoutDemo2;
			productReference = 8650CA3E263041050035E1C0 /* CompositionalLayoutDemo2.app */;
			productType = "com.apple.product-type.application";
		};
/* End PBXNativeTarget section */

/* Begin PBXProject section */
		8650CA36263041050035E1C0 /* Project object */ = {
			isa = PBXProject;
			attributes = {
				LastSwiftUpdateCheck = 1220;
				LastUpgradeCheck = 1220;
				TargetAttributes = {
					8650CA3D263041050035E1C0 = {
						CreatedOnToolsVersion = 12.2;
					};
				};
			};
			buildConfigurationList = 8650CA39263041050035E1C0 /* Build configuration list for PBXProject "CompositionalLayoutDemo2" */;
			compatibilityVersion = "Xcode 9.3";
			developmentRegion = en;
			hasScannedForEncodings = 0;
			knownRegions = (
				en,
				Base,
			);
			mainGroup = 8650CA35263041050035E1C0;
			productRefGroup = 8650CA3F263041050035E1C0 /* Products */;
			projectDirPath = "";
			projectRoot = "";
			targets = (
				8650CA3D263041050035E1C0 /* CompositionalLayoutDemo2 */,
			);
		};
/* End PBXProject section */

/* Begin PBXResourcesBuildPhase section */
		8650CA3C263041050035E1C0 /* Resources */ = {
			isa = PBXResourcesBuildPhase;
			buildActionMask = 2147483647;
			files = (
				864C9633263390FE005A82E2 /* ToolCollectionViewCell.xib in Resources */,
				8650CA4E263041070035E1C0 /* LaunchScreen.storyboard in Resources */,
				8650CA4B263041070035E1C0 /* Assets.xcassets in Resources */,
				8633708F2639807D00881B83 /* SeeMoreBannerUICollectionViewCell.xib in Resources */,
				8636387A2634E1BE00F4AF86 /* HotSellCollectionViewCell.xib in Resources */,
				86F8F68C2640299A0073CCEA /* NewBannerSupplementaryView.xib in Resources */,
				8650CA49263041050035E1C0 /* Main.storyboard in Resources */,
			);
			runOnlyForDeploymentPostprocessing = 0;
		};
/* End PBXResourcesBuildPhase section */

/* Begin PBXSourcesBuildPhase section */
		8650CA3A263041050035E1C0 /* Sources */ = {
			isa = PBXSourcesBuildPhase;
			buildActionMask = 2147483647;
			files = (
				865C480C2632EC6400E375A0 /* BannerCollectionViewCell.swift in Sources */,
				8633708E2639807D00881B83 /* SeeMoreBannerUICollectionViewCell.swift in Sources */,
				86F8F68B2640299A0073CCEA /* NewBannerSupplementaryView.swift in Sources */,
				8650CA5926304D4A0035E1C0 /* Header.swift in Sources */,
				8650CA46263041050035E1C0 /* ViewController.swift in Sources */,
				8650CA42263041050035E1C0 /* AppDelegate.swift in Sources */,
				863638792634E1BE00F4AF86 /* HotSellCollectionViewCell.swift in Sources */,
				8650CA44263041050035E1C0 /* SceneDelegate.swift in Sources */,
				865C48032632EB6200E375A0 /* ViewControllerProvider.swift in Sources */,
				864C9632263390FE005A82E2 /* ToolCollectionViewCell.swift in Sources */,
			);
			runOnlyForDeploymentPostprocessing = 0;
		};
/* End PBXSourcesBuildPhase section */

/* Begin PBXVariantGroup section */
		8650CA47263041050035E1C0 /* Main.storyboard */ = {
			isa = PBXVariantGroup;
			children = (
				8650CA48263041050035E1C0 /* Base */,
			);
			name = Main.storyboard;
			sourceTree = "<group>";
		};
		8650CA4C263041070035E1C0 /* LaunchScreen.storyboard */ = {
			isa = PBXVariantGroup;
			children = (
				8650CA4D263041070035E1C0 /* Base */,
			);
			name = LaunchScreen.storyboard;
			sourceTree = "<group>";
		};
/* End PBXVariantGroup section */

/* Begin XCBuildConfiguration section */
		8650CA50263041070035E1C0 /* Debug */ = {
			isa = XCBuildConfiguration;
			buildSettings = {
				ALWAYS_SEARCH_USER_PATHS = NO;
				CLANG_ANALYZER_NONNULL = YES;
				CLANG_ANALYZER_NUMBER_OBJECT_CONVERSION = YES_AGGRESSIVE;
				CLANG_CXX_LANGUAGE_STANDARD = "gnu++14";
				CLANG_CXX_LIBRARY = "libc++";
				CLANG_ENABLE_MODULES = YES;
				CLANG_ENABLE_OBJC_ARC = YES;
				CLANG_ENABLE_OBJC_WEAK = YES;
				CLANG_WARN_BLOCK_CAPTURE_AUTORELEASING = YES;
				CLANG_WARN_BOOL_CONVERSION = YES;
				CLANG_WARN_COMMA = YES;
				CLANG_WARN_CONSTANT_CONVERSION = YES;
				CLANG_WARN_DEPRECATED_OBJC_IMPLEMENTATIONS = YES;
				CLANG_WARN_DIRECT_OBJC_ISA_USAGE = YES_ERROR;
				CLANG_WARN_DOCUMENTATION_COMMENTS = YES;
				CLANG_WARN_EMPTY_BODY = YES;
				CLANG_WARN_ENUM_CONVERSION = YES;
				CLANG_WARN_INFINITE_RECURSION = YES;
				CLANG_WARN_INT_CONVERSION = YES;
				CLANG_WARN_NON_LITERAL_NULL_CONVERSION = YES;
				CLANG_WARN_OBJC_IMPLICIT_RETAIN_SELF = YES;
				CLANG_WARN_OBJC_LITERAL_CONVERSION = YES;
				CLANG_WARN_OBJC_ROOT_CLASS = YES_ERROR;
				CLANG_WARN_QUOTED_INCLUDE_IN_FRAMEWORK_HEADER = YES;
				CLANG_WARN_RANGE_LOOP_ANALYSIS = YES;
				CLANG_WARN_STRICT_PROTOTYPES = YES;
				CLANG_WARN_SUSPICIOUS_MOVE = YES;
				CLANG_WARN_UNGUARDED_AVAILABILITY = YES_AGGRESSIVE;
				CLANG_WARN_UNREACHABLE_CODE = YES;
				CLANG_WARN__DUPLICATE_METHOD_MATCH = YES;
				COPY_PHASE_STRIP = NO;
				DEBUG_INFORMATION_FORMAT = dwarf;
				ENABLE_STRICT_OBJC_MSGSEND = YES;
				ENABLE_TESTABILITY = YES;
				GCC_C_LANGUAGE_STANDARD = gnu11;
				GCC_DYNAMIC_NO_PIC = NO;
				GCC_NO_COMMON_BLOCKS = YES;
				GCC_OPTIMIZATION_LEVEL = 0;
				GCC_PREPROCESSOR_DEFINITIONS = (
					"DEBUG=1",
					"$(inherited)",
				);
				GCC_WARN_64_TO_32_BIT_CONVERSION = YES;
				GCC_WARN_ABOUT_RETURN_TYPE = YES_ERROR;
				GCC_WARN_UNDECLARED_SELECTOR = YES;
				GCC_WARN_UNINITIALIZED_AUTOS = YES_AGGRESSIVE;
				GCC_WARN_UNUSED_FUNCTION = YES;
				GCC_WARN_UNUSED_VARIABLE = YES;
				IPHONEOS_DEPLOYMENT_TARGET = 14.2;
				MTL_ENABLE_DEBUG_INFO = INCLUDE_SOURCE;
				MTL_FAST_MATH = YES;
				ONLY_ACTIVE_ARCH = YES;
				SDKROOT = iphoneos;
				SWIFT_ACTIVE_COMPILATION_CONDITIONS = DEBUG;
				SWIFT_OPTIMIZATION_LEVEL = "-Onone";
			};
			name = Debug;
		};
		8650CA51263041070035E1C0 /* Release */ = {
			isa = XCBuildConfiguration;
			buildSettings = {
				ALWAYS_SEARCH_USER_PATHS = NO;
				CLANG_ANALYZER_NONNULL = YES;
				CLANG_ANALYZER_NUMBER_OBJECT_CONVERSION = YES_AGGRESSIVE;
				CLANG_CXX_LANGUAGE_STANDARD = "gnu++14";
				CLANG_CXX_LIBRARY = "libc++";
				CLANG_ENABLE_MODULES = YES;
				CLANG_ENABLE_OBJC_ARC = YES;
				CLANG_ENABLE_OBJC_WEAK = YES;
				CLANG_WARN_BLOCK_CAPTURE_AUTORELEASING = YES;
				CLANG_WARN_BOOL_CONVERSION = YES;
				CLANG_WARN_COMMA = YES;
				CLANG_WARN_CONSTANT_CONVERSION = YES;
				CLANG_WARN_DEPRECATED_OBJC_IMPLEMENTATIONS = YES;
				CLANG_WARN_DIRECT_OBJC_ISA_USAGE = YES_ERROR;
				CLANG_WARN_DOCUMENTATION_COMMENTS = YES;
				CLANG_WARN_EMPTY_BODY = YES;
				CLANG_WARN_ENUM_CONVERSION = YES;
				CLANG_WARN_INFINITE_RECURSION = YES;
				CLANG_WARN_INT_CONVERSION = YES;
				CLANG_WARN_NON_LITERAL_NULL_CONVERSION = YES;
				CLANG_WARN_OBJC_IMPLICIT_RETAIN_SELF = YES;
				CLANG_WARN_OBJC_LITERAL_CONVERSION = YES;
				CLANG_WARN_OBJC_ROOT_CLASS = YES_ERROR;
				CLANG_WARN_QUOTED_INCLUDE_IN_FRAMEWORK_HEADER = YES;
				CLANG_WARN_RANGE_LOOP_ANALYSIS = YES;
				CLANG_WARN_STRICT_PROTOTYPES = YES;
				CLANG_WARN_SUSPICIOUS_MOVE = YES;
				CLANG_WARN_UNGUARDED_AVAILABILITY = YES_AGGRESSIVE;
				CLANG_WARN_UNREACHABLE_CODE = YES;
				CLANG_WARN__DUPLICATE_METHOD_MATCH = YES;
				COPY_PHASE_STRIP = NO;
				DEBUG_INFORMATION_FORMAT = "dwarf-with-dsym";
				ENABLE_NS_ASSERTIONS = NO;
				ENABLE_STRICT_OBJC_MSGSEND = YES;
				GCC_C_LANGUAGE_STANDARD = gnu11;
				GCC_NO_COMMON_BLOCKS = YES;
				GCC_WARN_64_TO_32_BIT_CONVERSION = YES;
				GCC_WARN_ABOUT_RETURN_TYPE = YES_ERROR;
				GCC_WARN_UNDECLARED_SELECTOR = YES;
				GCC_WARN_UNINITIALIZED_AUTOS = YES_AGGRESSIVE;
				GCC_WARN_UNUSED_FUNCTION = YES;
				GCC_WARN_UNUSED_VARIABLE = YES;
				IPHONEOS_DEPLOYMENT_TARGET = 14.2;
				MTL_ENABLE_DEBUG_INFO = NO;
				MTL_FAST_MATH = YES;
				SDKROOT = iphoneos;
				SWIFT_COMPILATION_MODE = wholemodule;
				SWIFT_OPTIMIZATION_LEVEL = "-O";
				VALIDATE_PRODUCT = YES;
			};
			name = Release;
		};
		8650CA53263041070035E1C0 /* Debug */ = {
			isa = XCBuildConfiguration;
			buildSettings = {
				ASSETCATALOG_COMPILER_APPICON_NAME = AppIcon;
				ASSETCATALOG_COMPILER_GLOBAL_ACCENT_COLOR_NAME = AccentColor;
				CODE_SIGN_STYLE = Automatic;
				INFOPLIST_FILE = CompositionalLayoutDemo2/Info.plist;
				LD_RUNPATH_SEARCH_PATHS = (
					"$(inherited)",
					"@executable_path/Frameworks",
				);
				PRODUCT_BUNDLE_IDENTIFIER = www.home.CompositionalLayoutDemo2;
				PRODUCT_NAME = "$(TARGET_NAME)";
				SWIFT_VERSION = 5.0;
				TARGETED_DEVICE_FAMILY = 1;
			};
			name = Debug;
		};
		8650CA54263041070035E1C0 /* Release */ = {
			isa = XCBuildConfiguration;
			buildSettings = {
				ASSETCATALOG_COMPILER_APPICON_NAME = AppIcon;
				ASSETCATALOG_COMPILER_GLOBAL_ACCENT_COLOR_NAME = AccentColor;
				CODE_SIGN_STYLE = Automatic;
				INFOPLIST_FILE = CompositionalLayoutDemo2/Info.plist;
				LD_RUNPATH_SEARCH_PATHS = (
					"$(inherited)",
					"@executable_path/Frameworks",
				);
				PRODUCT_BUNDLE_IDENTIFIER = www.home.CompositionalLayoutDemo2;
				PRODUCT_NAME = "$(TARGET_NAME)";
				SWIFT_VERSION = 5.0;
				TARGETED_DEVICE_FAMILY = 1;
			};
			name = Release;
		};
/* End XCBuildConfiguration section */

/* Begin XCConfigurationList section */
		8650CA39263041050035E1C0 /* Build configuration list for PBXProject "CompositionalLayoutDemo2" */ = {
			isa = XCConfigurationList;
			buildConfigurations = (
				8650CA50263041070035E1C0 /* Debug */,
				8650CA51263041070035E1C0 /* Release */,
			);
			defaultConfigurationIsVisible = 0;
			defaultConfigurationName = Release;
		};
		8650CA52263041070035E1C0 /* Build configuration list for PBXNativeTarget "CompositionalLayoutDemo2" */ = {
			isa = XCConfigurationList;
			buildConfigurations = (
				8650CA53263041070035E1C0 /* Debug */,
				8650CA54263041070035E1C0 /* Release */,
			);
			defaultConfigurationIsVisible = 0;
			defaultConfigurationName = Release;
		};
/* End XCConfigurationList section */
	};
	rootObject = 8650CA36263041050035E1C0 /* Project object */;
}
